
Microsoft Visual Studio Solution File, Format Version 12.00
# Visual Studio Version 17
VisualStudioVersion = 17.11.35327.3
MinimumVisualStudioVersion = 10.0.40219.1
Project("{9A19103F-16F7-4668-BE54-9A1E7A4F7556}") = "CampeonatosFIFA.Dominio", "CampeonatosFIFA.Dominio\CampeonatosFIFA.Dominio.csproj", "{C0915E66-ABF7-4023-9AC2-0AE64B526192}"
EndProject
Project("{9A19103F-16F7-4668-BE54-9A1E7A4F7556}") = "CampeonatosFIFA.Core", "CampeonatosFIFA.Core\CampeonatosFIFA.Core.csproj", "{9E8D83F0-9471-49C3-834D-1E12DCBEB1D7}"
EndProject
Project("{9A19103F-16F7-4668-BE54-9A1E7A4F7556}") = "CampeonatosFIFA.aplicacion", "CampeonatosFIFA.aplicacion\CampeonatosFIFA.aplicacion.csproj", "{021D3E73-883E-4D58-AD80-D51AA496A204}"
EndProject
Project("{9A19103F-16F7-4668-BE54-9A1E7A4F7556}") = "CampeonatosFIFA.Presentacion", "CampeonatosFIFA.Presentacion\CampeonatosFIFA.Presentacion.csproj", "{26034632-F041-4B9B-9691-8FF2785E48DE}"
EndProject
Project("{9A19103F-16F7-4668-BE54-9A1E7A4F7556}") = "CampeonatosFIFA.Infraestructura.Repositorios", "CampeonatosFIFA.Infrestructura.Repositorios\CampeonatosFIFA.Infraestructura.Repositorios.csproj", "{E5C7F1D0-5C93-46FF-8FF8-C5F7BD0E7A45}"
EndProject
Project("{9A19103F-16F7-4668-BE54-9A1E7A4F7556}") = "CampeonatosFIFA.Infraestructura.Persistencia", "CampeonatosFIFA.Infraestructura.Persistencia\CampeonatosFIFA.Infraestructura.Persistencia.csproj", "{43A3050A-1304-4815-9232-DF5289D45BB7}"
EndProject
Global
	GlobalSection(SolutionConfigurationPlatforms) = preSolution
		Debug|Any CPU = Debug|Any CPU
		Release|Any CPU = Release|Any CPU
	EndGlobalSection
	GlobalSection(ProjectConfigurationPlatforms) = postSolution
		{C0915E66-ABF7-4023-9AC2-0AE64B526192}.Debug|Any CPU.ActiveCfg = Debug|Any CPU
		{C0915E66-ABF7-4023-9AC2-0AE64B526192}.Debug|Any CPU.Build.0 = Debug|Any CPU
		{C0915E66-ABF7-4023-9AC2-0AE64B526192}.Release|Any CPU.ActiveCfg = Release|Any CPU
		{C0915E66-ABF7-4023-9AC2-0AE64B526192}.Release|Any CPU.Build.0 = Release|Any CPU
		{9E8D83F0-9471-49C3-834D-1E12DCBEB1D7}.Debug|Any CPU.ActiveCfg = Debug|Any CPU
		{9E8D83F0-9471-49C3-834D-1E12DCBEB1D7}.Debug|Any CPU.Build.0 = Debug|Any CPU
		{9E8D83F0-9471-49C3-834D-1E12DCBEB1D7}.Release|Any CPU.ActiveCfg = Release|Any CPU
		{9E8D83F0-9471-49C3-834D-1E12DCBEB1D7}.Release|Any CPU.Build.0 = Release|Any CPU
		{021D3E73-883E-4D58-AD80-D51AA496A204}.Debug|Any CPU.ActiveCfg = Debug|Any CPU
		{021D3E73-883E-4D58-AD80-D51AA496A204}.Debug|Any CPU.Build.0 = Debug|Any CPU
		{021D3E73-883E-4D58-AD80-D51AA496A204}.Release|Any CPU.ActiveCfg = Release|Any CPU
		{021D3E73-883E-4D58-AD80-D51AA496A204}.Release|Any CPU.Build.0 = Release|Any CPU
		{26034632-F041-4B9B-9691-8FF2785E48DE}.Debug|Any CPU.ActiveCfg = Debug|Any CPU
		{26034632-F041-4B9B-9691-8FF2785E48DE}.Debug|Any CPU.Build.0 = Debug|Any CPU
		{26034632-F041-4B9B-9691-8FF2785E48DE}.Release|Any CPU.ActiveCfg = Release|Any CPU
		{26034632-F041-4B9B-9691-8FF2785E48DE}.Release|Any CPU.Build.0 = Release|Any CPU
		{E5C7F1D0-5C93-46FF-8FF8-C5F7BD0E7A45}.Debug|Any CPU.ActiveCfg = Debug|Any CPU
		{E5C7F1D0-5C93-46FF-8FF8-C5F7BD0E7A45}.Debug|Any CPU.Build.0 = Debug|Any CPU
		{E5C7F1D0-5C93-46FF-8FF8-C5F7BD0E7A45}.Release|Any CPU.ActiveCfg = Release|Any CPU
		{E5C7F1D0-5C93-46FF-8FF8-C5F7BD0E7A45}.Release|Any CPU.Build.0 = Release|Any CPU
		{43A3050A-1304-4815-9232-DF5289D45BB7}.Debug|Any CPU.ActiveCfg = Debug|Any CPU
		{43A3050A-1304-4815-9232-DF5289D45BB7}.Debug|Any CPU.Build.0 = Debug|Any CPU
		{43A3050A-1304-4815-9232-DF5289D45BB7}.Release|Any CPU.ActiveCfg = Release|Any CPU
		{43A3050A-1304-4815-9232-DF5289D45BB7}.Release|Any CPU.Build.0 = Release|Any CPU
	EndGlobalSection
	GlobalSection(SolutionProperties) = preSolution
		HideSolutionNode = FALSE
	EndGlobalSection
	GlobalSection(ExtensibilityGlobals) = postSolution
		SolutionGuid = {72559D76-63CC-4821-B39D-A6D32274A7AC}
	EndGlobalSection
EndGlobal
